
Microsoft Visual Studio Solution File, Format Version 12.00
# Visual Studio Version 17
VisualStudioVersion = 17.7.34202.233
MinimumVisualStudioVersion = 10.0.40219.1
Project("{FAE04EC0-301F-11D3-BF4B-00C04F79EFBC}") = "W23G45_ArtGallery", "test\W23G45_ArtGallery.csproj", "{DFFFBEBB-09CA-4231-8746-06FBC0A5D767}"
EndProject
Global
	GlobalSection(SolutionConfigurationPlatforms) = preSolution
		Debug|Any CPU = Debug|Any CPU
		Release|Any CPU = Release|Any CPU
	EndGlobalSection
	GlobalSection(ProjectConfigurationPlatforms) = postSolution
		{DFFFBEBB-09CA-4231-8746-06FBC0A5D767}.Debug|Any CPU.ActiveCfg = Debug|Any CPU
		{DFFFBEBB-09CA-4231-8746-06FBC0A5D767}.Debug|Any CPU.Build.0 = Debug|Any CPU
		{DFFFBEBB-09CA-4231-8746-06FBC0A5D767}.Release|Any CPU.ActiveCfg = Release|Any CPU
		{DFFFBEBB-09CA-4231-8746-06FBC0A5D767}.Release|Any CPU.Build.0 = Release|Any CPU
	EndGlobalSection
	GlobalSection(SolutionProperties) = preSolution
		HideSolutionNode = FALSE
	EndGlobalSection
	GlobalSection(ExtensibilityGlobals) = postSolution
		SolutionGuid = {3227D46F-5B0A-4CB3-A78D-D99095EB3650}
	EndGlobalSection
EndGlobal
